# THIS IS AN AUTOGENERATED FILE. DO NOT EDIT THIS FILE DIRECTLY.
# yarn lockfile v1


filesize@^6.1.0:
  version "6.1.0"
  resolved "https://registry.yarnpkg.com/filesize/-/filesize-6.1.0.tgz#e81bdaa780e2451d714d71c0d7a4f3238d37ad00"
  integrity sha512-LpCHtPQ3sFx67z+uh2HnSyWSLLu5Jxo21795uRDuar/EOuYWXib5EmPaGIBuSnRqH2IODiKA2k5re/K9OnN/Yg==
